// !$*UTF8*$!
{
	archiveVersion = 1;
	classes = {
	};
	objectVersion = 50;
	objects = {

/* Begin PBXBuildFile section */
		AB3B02DE20AD67C0004B132D /* RecipeDetailController.swift in Sources */ = {isa = PBXBuildFile; fileRef = AB3B02DD20AD67C0004B132D /* RecipeDetailController.swift */; };
		AB3B02E020AD9E72004B132D /* DetailRecipe.swift in Sources */ = {isa = PBXBuildFile; fileRef = AB3B02DF20AD9E72004B132D /* DetailRecipe.swift */; };
		AB78374E20AA199C00587585 /* AppDelegate.swift in Sources */ = {isa = PBXBuildFile; fileRef = AB78374D20AA199C00587585 /* AppDelegate.swift */; };
		AB78375020AA199C00587585 /* RecipesListController.swift in Sources */ = {isa = PBXBuildFile; fileRef = AB78374F20AA199C00587585 /* RecipesListController.swift */; };
		AB78376020AA26B800587585 /* LaunchScreen.storyboard in Resources */ = {isa = PBXBuildFile; fileRef = AB78375F20AA26B800587585 /* LaunchScreen.storyboard */; };
		AB78376320AA57D800587585 /* Extensions.swift in Sources */ = {isa = PBXBuildFile; fileRef = AB78376220AA57D800587585 /* Extensions.swift */; };
		AB78376620AA587100587585 /* RecipeCell.swift in Sources */ = {isa = PBXBuildFile; fileRef = AB78376520AA587100587585 /* RecipeCell.swift */; };
		AB78376920AA5A9F00587585 /* SortedMenuBar.swift in Sources */ = {isa = PBXBuildFile; fileRef = AB78376820AA5A9F00587585 /* SortedMenuBar.swift */; };
		AB78376C20AA7F8000587585 /* Recipe.swift in Sources */ = {isa = PBXBuildFile; fileRef = AB78376B20AA7F8000587585 /* Recipe.swift */; };
		AB78376E20AB1A3B00587585 /* RecipeStruct.swift in Sources */ = {isa = PBXBuildFile; fileRef = AB78376D20AB1A3B00587585 /* RecipeStruct.swift */; };
		AB78377020AB9A0300587585 /* SortingLauncher.swift in Sources */ = {isa = PBXBuildFile; fileRef = AB78376F20AB9A0300587585 /* SortingLauncher.swift */; };
		AB78377220ABA99400587585 /* SortingCell.swift in Sources */ = {isa = PBXBuildFile; fileRef = AB78377120ABA99400587585 /* SortingCell.swift */; };
		AB78377420ACE4AD00587585 /* ReachabilityConnect.swift in Sources */ = {isa = PBXBuildFile; fileRef = AB78377320ACE4AD00587585 /* ReachabilityConnect.swift */; };
		AB7B178720BC22390016FEFF /* SearchingLauncher.swift in Sources */ = {isa = PBXBuildFile; fileRef = AB7B178620BC22390016FEFF /* SearchingLauncher.swift */; };
		AB7B178920BFA1B40016FEFF /* Assets 10-20-53-831.xcassets in Resources */ = {isa = PBXBuildFile; fileRef = AB7B178820BFA1B40016FEFF /* Assets 10-20-53-831.xcassets */; };
		AB7B178B20C124450016FEFF /* RecipesStruct.swift in Sources */ = {isa = PBXBuildFile; fileRef = AB7B178A20C124440016FEFF /* RecipesStruct.swift */; };
/* End PBXBuildFile section */

/* Begin PBXFileReference section */
		AB3B02DD20AD67C0004B132D /* RecipeDetailController.swift */ = {isa = PBXFileReference; lastKnownFileType = sourcecode.swift; path = RecipeDetailController.swift; sourceTree = "<group>"; };
		AB3B02DF20AD9E72004B132D /* DetailRecipe.swift */ = {isa = PBXFileReference; lastKnownFileType = sourcecode.swift; path = DetailRecipe.swift; sourceTree = "<group>"; };
		AB78374A20AA199C00587585 /* TestProjectSpaceoByKurilov.app */ = {isa = PBXFileReference; explicitFileType = wrapper.application; includeInIndex = 0; path = TestProjectSpaceoByKurilov.app; sourceTree = BUILT_PRODUCTS_DIR; };
		AB78374D20AA199C00587585 /* AppDelegate.swift */ = {isa = PBXFileReference; lastKnownFileType = sourcecode.swift; path = AppDelegate.swift; sourceTree = "<group>"; };
		AB78374F20AA199C00587585 /* RecipesListController.swift */ = {isa = PBXFileReference; lastKnownFileType = sourcecode.swift; path = RecipesListController.swift; sourceTree = "<group>"; };
		AB78375920AA199E00587585 /* Info.plist */ = {isa = PBXFileReference; lastKnownFileType = text.plist.xml; path = Info.plist; sourceTree = "<group>"; };
		AB78375F20AA26B800587585 /* LaunchScreen.storyboard */ = {isa = PBXFileReference; fileEncoding = 4; lastKnownFileType = file.storyboard; path = LaunchScreen.storyboard; sourceTree = "<group>"; };
		AB78376220AA57D800587585 /* Extensions.swift */ = {isa = PBXFileReference; lastKnownFileType = sourcecode.swift; path = Extensions.swift; sourceTree = "<group>"; };
		AB78376520AA587100587585 /* RecipeCell.swift */ = {isa = PBXFileReference; lastKnownFileType = sourcecode.swift; path = RecipeCell.swift; sourceTree = "<group>"; };
		AB78376820AA5A9F00587585 /* SortedMenuBar.swift */ = {isa = PBXFileReference; lastKnownFileType = sourcecode.swift; path = SortedMenuBar.swift; sourceTree = "<group>"; };
		AB78376B20AA7F8000587585 /* Recipe.swift */ = {isa = PBXFileReference; lastKnownFileType = sourcecode.swift; path = Recipe.swift; sourceTree = "<group>"; };
		AB78376D20AB1A3B00587585 /* RecipeStruct.swift */ = {isa = PBXFileReference; lastKnownFileType = sourcecode.swift; path = RecipeStruct.swift; sourceTree = "<group>"; };
		AB78376F20AB9A0300587585 /* SortingLauncher.swift */ = {isa = PBXFileReference; lastKnownFileType = sourcecode.swift; path = SortingLauncher.swift; sourceTree = "<group>"; };
		AB78377120ABA99400587585 /* SortingCell.swift */ = {isa = PBXFileReference; lastKnownFileType = sourcecode.swift; path = SortingCell.swift; sourceTree = "<group>"; };
		AB78377320ACE4AD00587585 /* ReachabilityConnect.swift */ = {isa = PBXFileReference; lastKnownFileType = sourcecode.swift; path = ReachabilityConnect.swift; sourceTree = "<group>"; };
		AB7B178620BC22390016FEFF /* SearchingLauncher.swift */ = {isa = PBXFileReference; lastKnownFileType = sourcecode.swift; path = SearchingLauncher.swift; sourceTree = "<group>"; };
		AB7B178820BFA1B40016FEFF /* Assets 10-20-53-831.xcassets */ = {isa = PBXFileReference; lastKnownFileType = folder.assetcatalog; path = "Assets 10-20-53-831.xcassets"; sourceTree = "<group>"; };
		AB7B178A20C124440016FEFF /* RecipesStruct.swift */ = {isa = PBXFileReference; lastKnownFileType = sourcecode.swift; path = RecipesStruct.swift; sourceTree = "<group>"; };
/* End PBXFileReference section */

/* Begin PBXFrameworksBuildPhase section */
		AB78374720AA199C00587585 /* Frameworks */ = {
			isa = PBXFrameworksBuildPhase;
			buildActionMask = 2147483647;
			files = (
			);
			runOnlyForDeploymentPostprocessing = 0;
		};
/* End PBXFrameworksBuildPhase section */

/* Begin PBXGroup section */
		AB78374120AA199C00587585 = {
			isa = PBXGroup;
			children = (
				AB78374C20AA199C00587585 /* TestProjectSpaceoByKurilov */,
				AB78374B20AA199C00587585 /* Products */,
			);
			sourceTree = "<group>";
		};
		AB78374B20AA199C00587585 /* Products */ = {
			isa = PBXGroup;
			children = (
				AB78374A20AA199C00587585 /* TestProjectSpaceoByKurilov.app */,
			);
			name = Products;
			sourceTree = "<group>";
		};
		AB78374C20AA199C00587585 /* TestProjectSpaceoByKurilov */ = {
			isa = PBXGroup;
			children = (
				AB78376A20AA7F5B00587585 /* Models */,
				AB78376420AA585000587585 /* Views */,
				AB78376720AA58C100587585 /* Controllers */,
				AB78376120AA57BA00587585 /* Helpers */,
				AB78374D20AA199C00587585 /* AppDelegate.swift */,
				AB7B178820BFA1B40016FEFF /* Assets 10-20-53-831.xcassets */,
				AB78375F20AA26B800587585 /* LaunchScreen.storyboard */,
				AB78375920AA199E00587585 /* Info.plist */,
			);
			path = TestProjectSpaceoByKurilov;
			sourceTree = "<group>";
		};
		AB78376120AA57BA00587585 /* Helpers */ = {
			isa = PBXGroup;
			children = (
				AB78376220AA57D800587585 /* Extensions.swift */,
				AB78377320ACE4AD00587585 /* ReachabilityConnect.swift */,
			);
			path = Helpers;
			sourceTree = "<group>";
		};
		AB78376420AA585000587585 /* Views */ = {
			isa = PBXGroup;
			children = (
				AB78376520AA587100587585 /* RecipeCell.swift */,
				AB78376820AA5A9F00587585 /* SortedMenuBar.swift */,
				AB78377120ABA99400587585 /* SortingCell.swift */,
				AB3B02DF20AD9E72004B132D /* DetailRecipe.swift */,
			);
			path = Views;
			sourceTree = "<group>";
		};
		AB78376720AA58C100587585 /* Controllers */ = {
			isa = PBXGroup;
			children = (
				AB78374F20AA199C00587585 /* RecipesListController.swift */,
				AB78376F20AB9A0300587585 /* SortingLauncher.swift */,
				AB7B178620BC22390016FEFF /* SearchingLauncher.swift */,
				AB3B02DD20AD67C0004B132D /* RecipeDetailController.swift */,
			);
			path = Controllers;
			sourceTree = "<group>";
		};
		AB78376A20AA7F5B00587585 /* Models */ = {
			isa = PBXGroup;
			children = (
				AB78376B20AA7F8000587585 /* Recipe.swift */,
				AB78376D20AB1A3B00587585 /* RecipeStruct.swift */,
				AB7B178A20C124440016FEFF /* RecipesStruct.swift */,
			);
			path = Models;
			sourceTree = "<group>";
		};
/* End PBXGroup section */

/* Begin PBXNativeTarget section */
		AB78374920AA199C00587585 /* TestProjectSpaceoByKurilov */ = {
			isa = PBXNativeTarget;
			buildConfigurationList = AB78375C20AA199E00587585 /* Build configuration list for PBXNativeTarget "TestProjectSpaceoByKurilov" */;
			buildPhases = (
				AB78374620AA199C00587585 /* Sources */,
				AB78374720AA199C00587585 /* Frameworks */,
				AB78374820AA199C00587585 /* Resources */,
				ABD19DF820C6F95C005AC8A0 /* ShellScript */,
			);
			buildRules = (
			);
			dependencies = (
			);
			name = TestProjectSpaceoByKurilov;
			productName = TestProjectSpaceoByKurilov;
			productReference = AB78374A20AA199C00587585 /* TestProjectSpaceoByKurilov.app */;
			productType = "com.apple.product-type.application";
		};
/* End PBXNativeTarget section */

/* Begin PBXProject section */
		AB78374220AA199C00587585 /* Project object */ = {
			isa = PBXProject;
			attributes = {
				LastSwiftUpdateCheck = 0930;
				LastUpgradeCheck = 0930;
				ORGANIZATIONNAME = "Pavel Kurilov";
				TargetAttributes = {
					AB78374920AA199C00587585 = {
						CreatedOnToolsVersion = 9.3;
					};
				};
			};
			buildConfigurationList = AB78374520AA199C00587585 /* Build configuration list for PBXProject "TestProjectSpaceoByKurilov" */;
			compatibilityVersion = "Xcode 9.3";
			developmentRegion = en;
			hasScannedForEncodings = 0;
			knownRegions = (
				en,
				Base,
			);
			mainGroup = AB78374120AA199C00587585;
			productRefGroup = AB78374B20AA199C00587585 /* Products */;
			projectDirPath = "";
			projectRoot = "";
			targets = (
				AB78374920AA199C00587585 /* TestProjectSpaceoByKurilov */,
			);
		};
/* End PBXProject section */

/* Begin PBXResourcesBuildPhase section */
		AB78374820AA199C00587585 /* Resources */ = {
			isa = PBXResourcesBuildPhase;
			buildActionMask = 2147483647;
			files = (
				AB78376020AA26B800587585 /* LaunchScreen.storyboard in Resources */,
				AB7B178920BFA1B40016FEFF /* Assets 10-20-53-831.xcassets in Resources */,
			);
			runOnlyForDeploymentPostprocessing = 0;
		};
/* End PBXResourcesBuildPhase section */

/* Begin PBXShellScriptBuildPhase section */
		ABD19DF820C6F95C005AC8A0 /* ShellScript */ = {
			isa = PBXShellScriptBuildPhase;
			buildActionMask = 8;
			files = (
			);
			inputPaths = (
			);
			outputPaths = (
			);
			runOnlyForDeploymentPostprocessing = 1;
			shellPath = /bin/sh;
			shellScript = "if which swiftlint >/dev/null; then\nswiftlint\nelse\necho \"error: SwiftLint does not exist, download it from https://github.com/realm/SwiftLint\"\nexit 1\nfi";
		};
/* End PBXShellScriptBuildPhase section */

/* Begin PBXSourcesBuildPhase section */
		AB78374620AA199C00587585 /* Sources */ = {
			isa = PBXSourcesBuildPhase;
			buildActionMask = 2147483647;
			files = (
				AB3B02E020AD9E72004B132D /* DetailRecipe.swift in Sources */,
				AB78377020AB9A0300587585 /* SortingLauncher.swift in Sources */,
				AB78377220ABA99400587585 /* SortingCell.swift in Sources */,
				AB78376E20AB1A3B00587585 /* RecipeStruct.swift in Sources */,
				AB7B178B20C124450016FEFF /* RecipesStruct.swift in Sources */,
				AB7B178720BC22390016FEFF /* SearchingLauncher.swift in Sources */,
				AB78375020AA199C00587585 /* RecipesListController.swift in Sources */,
				AB78376320AA57D800587585 /* Extensions.swift in Sources */,
				AB3B02DE20AD67C0004B132D /* RecipeDetailController.swift in Sources */,
				AB78376920AA5A9F00587585 /* SortedMenuBar.swift in Sources */,
				AB78376C20AA7F8000587585 /* Recipe.swift in Sources */,
				AB78377420ACE4AD00587585 /* ReachabilityConnect.swift in Sources */,
				AB78374E20AA199C00587585 /* AppDelegate.swift in Sources */,
				AB78376620AA587100587585 /* RecipeCell.swift in Sources */,
			);
			runOnlyForDeploymentPostprocessing = 0;
		};
/* End PBXSourcesBuildPhase section */

/* Begin XCBuildConfiguration section */
		AB78375A20AA199E00587585 /* Debug */ = {
			isa = XCBuildConfiguration;
			buildSettings = {
				ALWAYS_SEARCH_USER_PATHS = NO;
				CLANG_ANALYZER_NONNULL = YES;
				CLANG_ANALYZER_NUMBER_OBJECT_CONVERSION = YES_AGGRESSIVE;
				CLANG_CXX_LANGUAGE_STANDARD = "gnu++14";
				CLANG_CXX_LIBRARY = "libc++";
				CLANG_ENABLE_MODULES = YES;
				CLANG_ENABLE_OBJC_ARC = YES;
				CLANG_ENABLE_OBJC_WEAK = YES;
				CLANG_WARN_BLOCK_CAPTURE_AUTORELEASING = YES;
				CLANG_WARN_BOOL_CONVERSION = YES;
				CLANG_WARN_COMMA = YES;
				CLANG_WARN_CONSTANT_CONVERSION = YES;
				CLANG_WARN_DEPRECATED_OBJC_IMPLEMENTATIONS = YES;
				CLANG_WARN_DIRECT_OBJC_ISA_USAGE = YES_ERROR;
				CLANG_WARN_DOCUMENTATION_COMMENTS = YES;
				CLANG_WARN_EMPTY_BODY = YES;
				CLANG_WARN_ENUM_CONVERSION = YES;
				CLANG_WARN_INFINITE_RECURSION = YES;
				CLANG_WARN_INT_CONVERSION = YES;
				CLANG_WARN_NON_LITERAL_NULL_CONVERSION = YES;
				CLANG_WARN_OBJC_IMPLICIT_RETAIN_SELF = YES;
				CLANG_WARN_OBJC_LITERAL_CONVERSION = YES;
				CLANG_WARN_OBJC_ROOT_CLASS = YES_ERROR;
				CLANG_WARN_RANGE_LOOP_ANALYSIS = YES;
				CLANG_WARN_STRICT_PROTOTYPES = YES;
				CLANG_WARN_SUSPICIOUS_MOVE = YES;
				CLANG_WARN_UNGUARDED_AVAILABILITY = YES_AGGRESSIVE;
				CLANG_WARN_UNREACHABLE_CODE = YES;
				CLANG_WARN__DUPLICATE_METHOD_MATCH = YES;
				CODE_SIGN_IDENTITY = "iPhone Developer";
				COPY_PHASE_STRIP = NO;
				DEBUG_INFORMATION_FORMAT = dwarf;
				ENABLE_STRICT_OBJC_MSGSEND = YES;
				ENABLE_TESTABILITY = YES;
				GCC_C_LANGUAGE_STANDARD = gnu11;
				GCC_DYNAMIC_NO_PIC = NO;
				GCC_NO_COMMON_BLOCKS = YES;
				GCC_OPTIMIZATION_LEVEL = 0;
				GCC_PREPROCESSOR_DEFINITIONS = (
					"DEBUG=1",
					"$(inherited)",
				);
				GCC_WARN_64_TO_32_BIT_CONVERSION = YES;
				GCC_WARN_ABOUT_RETURN_TYPE = YES_ERROR;
				GCC_WARN_UNDECLARED_SELECTOR = YES;
				GCC_WARN_UNINITIALIZED_AUTOS = YES_AGGRESSIVE;
				GCC_WARN_UNUSED_FUNCTION = YES;
				GCC_WARN_UNUSED_VARIABLE = YES;
				IPHONEOS_DEPLOYMENT_TARGET = 11.3;
				MTL_ENABLE_DEBUG_INFO = YES;
				ONLY_ACTIVE_ARCH = YES;
				SDKROOT = iphoneos;
				SWIFT_ACTIVE_COMPILATION_CONDITIONS = DEBUG;
				SWIFT_OPTIMIZATION_LEVEL = "-Onone";
			};
			name = Debug;
		};
		AB78375B20AA199E00587585 /* Release */ = {
			isa = XCBuildConfiguration;
			buildSettings = {
				ALWAYS_SEARCH_USER_PATHS = NO;
				CLANG_ANALYZER_NONNULL = YES;
				CLANG_ANALYZER_NUMBER_OBJECT_CONVERSION = YES_AGGRESSIVE;
				CLANG_CXX_LANGUAGE_STANDARD = "gnu++14";
				CLANG_CXX_LIBRARY = "libc++";
				CLANG_ENABLE_MODULES = YES;
				CLANG_ENABLE_OBJC_ARC = YES;
				CLANG_ENABLE_OBJC_WEAK = YES;
				CLANG_WARN_BLOCK_CAPTURE_AUTORELEASING = YES;
				CLANG_WARN_BOOL_CONVERSION = YES;
				CLANG_WARN_COMMA = YES;
				CLANG_WARN_CONSTANT_CONVERSION = YES;
				CLANG_WARN_DEPRECATED_OBJC_IMPLEMENTATIONS = YES;
				CLANG_WARN_DIRECT_OBJC_ISA_USAGE = YES_ERROR;
				CLANG_WARN_DOCUMENTATION_COMMENTS = YES;
				CLANG_WARN_EMPTY_BODY = YES;
				CLANG_WARN_ENUM_CONVERSION = YES;
				CLANG_WARN_INFINITE_RECURSION = YES;
				CLANG_WARN_INT_CONVERSION = YES;
				CLANG_WARN_NON_LITERAL_NULL_CONVERSION = YES;
				CLANG_WARN_OBJC_IMPLICIT_RETAIN_SELF = YES;
				CLANG_WARN_OBJC_LITERAL_CONVERSION = YES;
				CLANG_WARN_OBJC_ROOT_CLASS = YES_ERROR;
				CLANG_WARN_RANGE_LOOP_ANALYSIS = YES;
				CLANG_WARN_STRICT_PROTOTYPES = YES;
				CLANG_WARN_SUSPICIOUS_MOVE = YES;
				CLANG_WARN_UNGUARDED_AVAILABILITY = YES_AGGRESSIVE;
				CLANG_WARN_UNREACHABLE_CODE = YES;
				CLANG_WARN__DUPLICATE_METHOD_MATCH = YES;
				CODE_SIGN_IDENTITY = "iPhone Developer";
				COPY_PHASE_STRIP = NO;
				DEBUG_INFORMATION_FORMAT = "dwarf-with-dsym";
				ENABLE_NS_ASSERTIONS = NO;
				ENABLE_STRICT_OBJC_MSGSEND = YES;
				GCC_C_LANGUAGE_STANDARD = gnu11;
				GCC_NO_COMMON_BLOCKS = YES;
				GCC_WARN_64_TO_32_BIT_CONVERSION = YES;
				GCC_WARN_ABOUT_RETURN_TYPE = YES_ERROR;
				GCC_WARN_UNDECLARED_SELECTOR = YES;
				GCC_WARN_UNINITIALIZED_AUTOS = YES_AGGRESSIVE;
				GCC_WARN_UNUSED_FUNCTION = YES;
				GCC_WARN_UNUSED_VARIABLE = YES;
				IPHONEOS_DEPLOYMENT_TARGET = 11.3;
				MTL_ENABLE_DEBUG_INFO = NO;
				SDKROOT = iphoneos;
				SWIFT_COMPILATION_MODE = wholemodule;
				SWIFT_OPTIMIZATION_LEVEL = "-O";
				VALIDATE_PRODUCT = YES;
			};
			name = Release;
		};
		AB78375D20AA199E00587585 /* Debug */ = {
			isa = XCBuildConfiguration;
			buildSettings = {
				ASSETCATALOG_COMPILER_APPICON_NAME = AppIcon;
				CODE_SIGN_IDENTITY = "iPhone Developer";
				CODE_SIGN_STYLE = Automatic;
				DEVELOPMENT_TEAM = R22NV699R6;
				INFOPLIST_FILE = TestProjectSpaceoByKurilov/Info.plist;
				IPHONEOS_DEPLOYMENT_TARGET = 10.0;
				LD_RUNPATH_SEARCH_PATHS = (
					"$(inherited)",
					"@executable_path/Frameworks",
				);
				PRODUCT_BUNDLE_IDENTIFIER = pavelKurilov.com.TestProjectSpaceoByKurilov;
				PRODUCT_NAME = "$(TARGET_NAME)";
				PROVISIONING_PROFILE_SPECIFIER = "";
				SWIFT_VERSION = 4.0;
				TARGETED_DEVICE_FAMILY = 1;
			};
			name = Debug;
		};
		AB78375E20AA199E00587585 /* Release */ = {
			isa = XCBuildConfiguration;
			buildSettings = {
				ASSETCATALOG_COMPILER_APPICON_NAME = AppIcon;
				CODE_SIGN_IDENTITY = "iPhone Developer";
				CODE_SIGN_STYLE = Automatic;
				DEVELOPMENT_TEAM = R22NV699R6;
				INFOPLIST_FILE = TestProjectSpaceoByKurilov/Info.plist;
				IPHONEOS_DEPLOYMENT_TARGET = 10.0;
				LD_RUNPATH_SEARCH_PATHS = (
					"$(inherited)",
					"@executable_path/Frameworks",
				);
				PRODUCT_BUNDLE_IDENTIFIER = pavelKurilov.com.TestProjectSpaceoByKurilov;
				PRODUCT_NAME = "$(TARGET_NAME)";
				PROVISIONING_PROFILE_SPECIFIER = "";
				SWIFT_VERSION = 4.0;
				TARGETED_DEVICE_FAMILY = 1;
			};
			name = Release;
		};
/* End XCBuildConfiguration section */

/* Begin XCConfigurationList section */
		AB78374520AA199C00587585 /* Build configuration list for PBXProject "TestProjectSpaceoByKurilov" */ = {
			isa = XCConfigurationList;
			buildConfigurations = (
				AB78375A20AA199E00587585 /* Debug */,
				AB78375B20AA199E00587585 /* Release */,
			);
			defaultConfigurationIsVisible = 0;
			defaultConfigurationName = Release;
		};
		AB78375C20AA199E00587585 /* Build configuration list for PBXNativeTarget "TestProjectSpaceoByKurilov" */ = {
			isa = XCConfigurationList;
			buildConfigurations = (
				AB78375D20AA199E00587585 /* Debug */,
				AB78375E20AA199E00587585 /* Release */,
			);
			defaultConfigurationIsVisible = 0;
			defaultConfigurationName = Release;
		};
/* End XCConfigurationList section */
	};
	rootObject = AB78374220AA199C00587585 /* Project object */;
}
